
Microsoft Visual Studio Solution File, Format Version 12.00
# Visual Studio Version 16
VisualStudioVersion = 16.0.30104.148
MinimumVisualStudioVersion = 10.0.40219.1
Project("{9A19103F-16F7-4668-BE54-9A1E7A4F7556}") = "Take.Chat.Core", "src\Take.Chat.Core\Take.Chat.Core.csproj", "{8AD82041-E4C0-4EC7-A6C1-24393FAD343D}"
EndProject
Project("{9A19103F-16F7-4668-BE54-9A1E7A4F7556}") = "Take.Chat.Web", "src\Take.Chat.Web\Take.Chat.Web.csproj", "{9BC471A7-E1DC-43C2-87CC-DDF4F8FD5121}"
EndProject
Project("{FAE04EC0-301F-11D3-BF4B-00C04F79EFBC}") = "Take.Chat.Infrastructure", "src\Take.Chat.Infrastructure\Take.Chat.Infrastructure.csproj", "{F786270F-8CE8-4EBE-ACB8-5A57B2DAD642}"
EndProject
Project("{2150E333-8FDC-42A3-9474-1A3956D46DE8}") = "src", "src", "{8B345330-85EE-492F-9AC6-3BE7E606A50A}"
EndProject
Project("{2150E333-8FDC-42A3-9474-1A3956D46DE8}") = "tests", "tests", "{FC905445-2B06-4525-A04D-5ED7AAD527AD}"
EndProject
Project("{FAE04EC0-301F-11D3-BF4B-00C04F79EFBC}") = "Take.Chat.UnitTests", "tests\Take.Chat.UnitTests\Take.Chat.UnitTests.csproj", "{71CDD7C4-96C8-441F-A609-55C56C0E82A6}"
EndProject
Project("{FAE04EC0-301F-11D3-BF4B-00C04F79EFBC}") = "Take.Chat.IntegrationTests", "tests\Take.Chat.IntegrationTests\Take.Chat.IntegrationTests.csproj", "{C26173E3-8A48-476B-8245-2BAC2D1A6D60}"
EndProject
Project("{FAE04EC0-301F-11D3-BF4B-00C04F79EFBC}") = "Take.Chat.FunctionalTests", "tests\Take.Chat.FunctionalTests\Take.Chat.FunctionalTests\Take.Chat.FunctionalTests.csproj", "{469785EF-8537-495B-9B25-88F937D5A43C}"
EndProject
Global
	GlobalSection(SolutionConfigurationPlatforms) = preSolution
		Debug|Any CPU = Debug|Any CPU
		Release|Any CPU = Release|Any CPU
	EndGlobalSection
	GlobalSection(ProjectConfigurationPlatforms) = postSolution
		{8AD82041-E4C0-4EC7-A6C1-24393FAD343D}.Debug|Any CPU.ActiveCfg = Debug|Any CPU
		{8AD82041-E4C0-4EC7-A6C1-24393FAD343D}.Debug|Any CPU.Build.0 = Debug|Any CPU
		{8AD82041-E4C0-4EC7-A6C1-24393FAD343D}.Release|Any CPU.ActiveCfg = Release|Any CPU
		{8AD82041-E4C0-4EC7-A6C1-24393FAD343D}.Release|Any CPU.Build.0 = Release|Any CPU
		{9BC471A7-E1DC-43C2-87CC-DDF4F8FD5121}.Debug|Any CPU.ActiveCfg = Debug|Any CPU
		{9BC471A7-E1DC-43C2-87CC-DDF4F8FD5121}.Debug|Any CPU.Build.0 = Debug|Any CPU
		{9BC471A7-E1DC-43C2-87CC-DDF4F8FD5121}.Release|Any CPU.ActiveCfg = Release|Any CPU
		{9BC471A7-E1DC-43C2-87CC-DDF4F8FD5121}.Release|Any CPU.Build.0 = Release|Any CPU
		{F786270F-8CE8-4EBE-ACB8-5A57B2DAD642}.Debug|Any CPU.ActiveCfg = Debug|Any CPU
		{F786270F-8CE8-4EBE-ACB8-5A57B2DAD642}.Debug|Any CPU.Build.0 = Debug|Any CPU
		{F786270F-8CE8-4EBE-ACB8-5A57B2DAD642}.Release|Any CPU.ActiveCfg = Release|Any CPU
		{F786270F-8CE8-4EBE-ACB8-5A57B2DAD642}.Release|Any CPU.Build.0 = Release|Any CPU
		{71CDD7C4-96C8-441F-A609-55C56C0E82A6}.Debug|Any CPU.ActiveCfg = Debug|Any CPU
		{71CDD7C4-96C8-441F-A609-55C56C0E82A6}.Debug|Any CPU.Build.0 = Debug|Any CPU
		{71CDD7C4-96C8-441F-A609-55C56C0E82A6}.Release|Any CPU.ActiveCfg = Release|Any CPU
		{71CDD7C4-96C8-441F-A609-55C56C0E82A6}.Release|Any CPU.Build.0 = Release|Any CPU
		{C26173E3-8A48-476B-8245-2BAC2D1A6D60}.Debug|Any CPU.ActiveCfg = Debug|Any CPU
		{C26173E3-8A48-476B-8245-2BAC2D1A6D60}.Debug|Any CPU.Build.0 = Debug|Any CPU
		{C26173E3-8A48-476B-8245-2BAC2D1A6D60}.Release|Any CPU.ActiveCfg = Release|Any CPU
		{C26173E3-8A48-476B-8245-2BAC2D1A6D60}.Release|Any CPU.Build.0 = Release|Any CPU
		{469785EF-8537-495B-9B25-88F937D5A43C}.Debug|Any CPU.ActiveCfg = Debug|Any CPU
		{469785EF-8537-495B-9B25-88F937D5A43C}.Debug|Any CPU.Build.0 = Debug|Any CPU
		{469785EF-8537-495B-9B25-88F937D5A43C}.Release|Any CPU.ActiveCfg = Release|Any CPU
		{469785EF-8537-495B-9B25-88F937D5A43C}.Release|Any CPU.Build.0 = Release|Any CPU
	EndGlobalSection
	GlobalSection(SolutionProperties) = preSolution
		HideSolutionNode = FALSE
	EndGlobalSection
	GlobalSection(NestedProjects) = preSolution
		{8AD82041-E4C0-4EC7-A6C1-24393FAD343D} = {8B345330-85EE-492F-9AC6-3BE7E606A50A}
		{9BC471A7-E1DC-43C2-87CC-DDF4F8FD5121} = {8B345330-85EE-492F-9AC6-3BE7E606A50A}
		{F786270F-8CE8-4EBE-ACB8-5A57B2DAD642} = {8B345330-85EE-492F-9AC6-3BE7E606A50A}
		{71CDD7C4-96C8-441F-A609-55C56C0E82A6} = {FC905445-2B06-4525-A04D-5ED7AAD527AD}
		{C26173E3-8A48-476B-8245-2BAC2D1A6D60} = {FC905445-2B06-4525-A04D-5ED7AAD527AD}
		{469785EF-8537-495B-9B25-88F937D5A43C} = {FC905445-2B06-4525-A04D-5ED7AAD527AD}
	EndGlobalSection
	GlobalSection(ExtensibilityGlobals) = postSolution
		SolutionGuid = {FA4C9144-F472-4234-9C6E-B256B3DF41E5}
	EndGlobalSection
EndGlobal
